
Microsoft Visual Studio Solution File, Format Version 12.00
# Visual Studio Version 17
VisualStudioVersion = 17.4.33122.133
MinimumVisualStudioVersion = 10.0.40219.1
Project("{FAE04EC0-301F-11D3-BF4B-00C04F79EFBC}") = "SkyCoopInstaller", "SkyCoopInstaller\SkyCoopInstaller.csproj", "{0C6E0E3B-FF55-4DB9-9F68-5717E9E56337}"
EndProject
Global
	GlobalSection(SolutionConfigurationPlatforms) = preSolution
		Debug|Any CPU = Debug|Any CPU
		Release|Any CPU = Release|Any CPU
	EndGlobalSection
	GlobalSection(ProjectConfigurationPlatforms) = postSolution
		{0C6E0E3B-FF55-4DB9-9F68-5717E9E56337}.Debug|Any CPU.ActiveCfg = Debug|Any CPU
		{0C6E0E3B-FF55-4DB9-9F68-5717E9E56337}.Debug|Any CPU.Build.0 = Debug|Any CPU
		{0C6E0E3B-FF55-4DB9-9F68-5717E9E56337}.Release|Any CPU.ActiveCfg = Release|Any CPU
		{0C6E0E3B-FF55-4DB9-9F68-5717E9E56337}.Release|Any CPU.Build.0 = Release|Any CPU
	EndGlobalSection
	GlobalSection(SolutionProperties) = preSolution
		HideSolutionNode = FALSE
	EndGlobalSection
	GlobalSection(ExtensibilityGlobals) = postSolution
		SolutionGuid = {F3DABB1D-797E-49AA-A13E-BEF3F1C47512}
	EndGlobalSection
EndGlobal
